// !$*UTF8*$!
{
	archiveVersion = 1;
	classes = {
	};
	objectVersion = 50;
	objects = {

/* Begin PBXBuildFile section */
		923920F922B8218700062E9D /* CoreDataManager.swift in Sources */ = {isa = PBXBuildFile; fileRef = 923920F822B8218700062E9D /* CoreDataManager.swift */; };
		923920FB22B8301300062E9D /* Extensions.swift in Sources */ = {isa = PBXBuildFile; fileRef = 923920FA22B8301300062E9D /* Extensions.swift */; };
		923920FD22B8620300062E9D /* Protocols.swift in Sources */ = {isa = PBXBuildFile; fileRef = 923920FC22B8620300062E9D /* Protocols.swift */; };
		9239210522B8644800062E9D /* NotificationCenter.framework in Frameworks */ = {isa = PBXBuildFile; fileRef = 9239210422B8644800062E9D /* NotificationCenter.framework */; };
		9239210822B8644800062E9D /* TodayViewController.swift in Sources */ = {isa = PBXBuildFile; fileRef = 9239210722B8644800062E9D /* TodayViewController.swift */; };
		9239210B22B8644800062E9D /* MainInterface.storyboard in Resources */ = {isa = PBXBuildFile; fileRef = 9239210922B8644800062E9D /* MainInterface.storyboard */; };
		9239210F22B8644800062E9D /* TodayExtension.appex in Embed App Extensions */ = {isa = PBXBuildFile; fileRef = 9239210222B8644800062E9D /* TodayExtension.appex */; settings = {ATTRIBUTES = (RemoveHeadersOnCopy, ); }; };
		92941D3722B9DA31003DE2A1 /* PersistentContainer.swift in Sources */ = {isa = PBXBuildFile; fileRef = 92941D3622B9DA31003DE2A1 /* PersistentContainer.swift */; };
		92C459FD22BA56230023399D /* PopoverViewController.swift in Sources */ = {isa = PBXBuildFile; fileRef = 92C459FC22BA56230023399D /* PopoverViewController.swift */; };
		92C459FF22BA68A70023399D /* Status.swift in Sources */ = {isa = PBXBuildFile; fileRef = 92C459FE22BA68A70023399D /* Status.swift */; };
		92C45A0122BA6FC60023399D /* DataProvider.swift in Sources */ = {isa = PBXBuildFile; fileRef = 92C45A0022BA6FC60023399D /* DataProvider.swift */; };
		92C45A0222BA762B0023399D /* Extensions.swift in Sources */ = {isa = PBXBuildFile; fileRef = 923920FA22B8301300062E9D /* Extensions.swift */; };
		92C45A0422BA78E00023399D /* TaskTracker.xcdatamodeld in Sources */ = {isa = PBXBuildFile; fileRef = 92F17CDA22B44E7600F29020 /* TaskTracker.xcdatamodeld */; };
		92F17CD422B44E7600F29020 /* AppDelegate.swift in Sources */ = {isa = PBXBuildFile; fileRef = 92F17CD322B44E7600F29020 /* AppDelegate.swift */; };
		92F17CD922B44E7600F29020 /* Main.storyboard in Resources */ = {isa = PBXBuildFile; fileRef = 92F17CD722B44E7600F29020 /* Main.storyboard */; };
		92F17CDC22B44E7600F29020 /* TaskTracker.xcdatamodeld in Sources */ = {isa = PBXBuildFile; fileRef = 92F17CDA22B44E7600F29020 /* TaskTracker.xcdatamodeld */; };
		92F17CDE22B44E7A00F29020 /* Assets.xcassets in Resources */ = {isa = PBXBuildFile; fileRef = 92F17CDD22B44E7A00F29020 /* Assets.xcassets */; };
		92F17CE122B44E7A00F29020 /* LaunchScreen.storyboard in Resources */ = {isa = PBXBuildFile; fileRef = 92F17CDF22B44E7A00F29020 /* LaunchScreen.storyboard */; };
		92F17CE922B451D200F29020 /* TaskListViewController.swift in Sources */ = {isa = PBXBuildFile; fileRef = 92F17CE822B451D200F29020 /* TaskListViewController.swift */; };
		92F17CED22B45F1900F29020 /* NewTaskViewController.swift in Sources */ = {isa = PBXBuildFile; fileRef = 92F17CEC22B45F1900F29020 /* NewTaskViewController.swift */; };
		92F17CEF22B45F2B00F29020 /* TaskDetailsViewController.swift in Sources */ = {isa = PBXBuildFile; fileRef = 92F17CEE22B45F2B00F29020 /* TaskDetailsViewController.swift */; };
		92F17D0322B4811600F29020 /* TaskCell.swift in Sources */ = {isa = PBXBuildFile; fileRef = 92F17D0222B4811600F29020 /* TaskCell.swift */; };
/* End PBXBuildFile section */

/* Begin PBXContainerItemProxy section */
		9239210D22B8644800062E9D /* PBXContainerItemProxy */ = {
			isa = PBXContainerItemProxy;
			containerPortal = 92F17CC822B44E7600F29020 /* Project object */;
			proxyType = 1;
			remoteGlobalIDString = 9239210122B8644800062E9D;
			remoteInfo = TodayExtension;
		};
/* End PBXContainerItemProxy section */

/* Begin PBXCopyFilesBuildPhase section */
		9239211322B8644800062E9D /* Embed App Extensions */ = {
			isa = PBXCopyFilesBuildPhase;
			buildActionMask = 2147483647;
			dstPath = "";
			dstSubfolderSpec = 13;
			files = (
				9239210F22B8644800062E9D /* TodayExtension.appex in Embed App Extensions */,
			);
			name = "Embed App Extensions";
			runOnlyForDeploymentPostprocessing = 0;
		};
/* End PBXCopyFilesBuildPhase section */

/* Begin PBXFileReference section */
		923920F822B8218700062E9D /* CoreDataManager.swift */ = {isa = PBXFileReference; lastKnownFileType = sourcecode.swift; path = CoreDataManager.swift; sourceTree = "<group>"; };
		923920FA22B8301300062E9D /* Extensions.swift */ = {isa = PBXFileReference; lastKnownFileType = sourcecode.swift; path = Extensions.swift; sourceTree = "<group>"; };
		923920FC22B8620300062E9D /* Protocols.swift */ = {isa = PBXFileReference; lastKnownFileType = sourcecode.swift; path = Protocols.swift; sourceTree = "<group>"; };
		9239210222B8644800062E9D /* TodayExtension.appex */ = {isa = PBXFileReference; explicitFileType = "wrapper.app-extension"; includeInIndex = 0; path = TodayExtension.appex; sourceTree = BUILT_PRODUCTS_DIR; };
		9239210422B8644800062E9D /* NotificationCenter.framework */ = {isa = PBXFileReference; lastKnownFileType = wrapper.framework; name = NotificationCenter.framework; path = System/Library/Frameworks/NotificationCenter.framework; sourceTree = SDKROOT; };
		9239210722B8644800062E9D /* TodayViewController.swift */ = {isa = PBXFileReference; lastKnownFileType = sourcecode.swift; path = TodayViewController.swift; sourceTree = "<group>"; };
		9239210A22B8644800062E9D /* Base */ = {isa = PBXFileReference; lastKnownFileType = file.storyboard; name = Base; path = Base.lproj/MainInterface.storyboard; sourceTree = "<group>"; };
		9239210C22B8644800062E9D /* Info.plist */ = {isa = PBXFileReference; lastKnownFileType = text.plist.xml; path = Info.plist; sourceTree = "<group>"; };
		92941D3222B9D5CE003DE2A1 /* TaskTracker.entitlements */ = {isa = PBXFileReference; lastKnownFileType = text.plist.entitlements; path = TaskTracker.entitlements; sourceTree = "<group>"; };
		92941D3322B9D600003DE2A1 /* TodayExtension.entitlements */ = {isa = PBXFileReference; lastKnownFileType = text.plist.entitlements; path = TodayExtension.entitlements; sourceTree = "<group>"; };
		92941D3622B9DA31003DE2A1 /* PersistentContainer.swift */ = {isa = PBXFileReference; lastKnownFileType = sourcecode.swift; path = PersistentContainer.swift; sourceTree = "<group>"; };
		92C459FC22BA56230023399D /* PopoverViewController.swift */ = {isa = PBXFileReference; lastKnownFileType = sourcecode.swift; path = PopoverViewController.swift; sourceTree = "<group>"; };
		92C459FE22BA68A70023399D /* Status.swift */ = {isa = PBXFileReference; lastKnownFileType = sourcecode.swift; path = Status.swift; sourceTree = "<group>"; };
		92C45A0022BA6FC60023399D /* DataProvider.swift */ = {isa = PBXFileReference; lastKnownFileType = sourcecode.swift; path = DataProvider.swift; sourceTree = "<group>"; };
		92F17CD022B44E7600F29020 /* TaskTracker.app */ = {isa = PBXFileReference; explicitFileType = wrapper.application; includeInIndex = 0; path = TaskTracker.app; sourceTree = BUILT_PRODUCTS_DIR; };
		92F17CD322B44E7600F29020 /* AppDelegate.swift */ = {isa = PBXFileReference; lastKnownFileType = sourcecode.swift; path = AppDelegate.swift; sourceTree = "<group>"; };
		92F17CD822B44E7600F29020 /* Base */ = {isa = PBXFileReference; lastKnownFileType = file.storyboard; name = Base; path = Base.lproj/Main.storyboard; sourceTree = "<group>"; };
		92F17CDB22B44E7600F29020 /* TaskTracker.xcdatamodel */ = {isa = PBXFileReference; lastKnownFileType = wrapper.xcdatamodel; path = TaskTracker.xcdatamodel; sourceTree = "<group>"; };
		92F17CDD22B44E7A00F29020 /* Assets.xcassets */ = {isa = PBXFileReference; lastKnownFileType = folder.assetcatalog; path = Assets.xcassets; sourceTree = "<group>"; };
		92F17CE022B44E7A00F29020 /* Base */ = {isa = PBXFileReference; lastKnownFileType = file.storyboard; name = Base; path = Base.lproj/LaunchScreen.storyboard; sourceTree = "<group>"; };
		92F17CE222B44E7A00F29020 /* Info.plist */ = {isa = PBXFileReference; lastKnownFileType = text.plist.xml; path = Info.plist; sourceTree = "<group>"; };
		92F17CE822B451D200F29020 /* TaskListViewController.swift */ = {isa = PBXFileReference; lastKnownFileType = sourcecode.swift; path = TaskListViewController.swift; sourceTree = "<group>"; };
		92F17CEC22B45F1900F29020 /* NewTaskViewController.swift */ = {isa = PBXFileReference; lastKnownFileType = sourcecode.swift; path = NewTaskViewController.swift; sourceTree = "<group>"; };
		92F17CEE22B45F2B00F29020 /* TaskDetailsViewController.swift */ = {isa = PBXFileReference; lastKnownFileType = sourcecode.swift; path = TaskDetailsViewController.swift; sourceTree = "<group>"; };
		92F17D0222B4811600F29020 /* TaskCell.swift */ = {isa = PBXFileReference; lastKnownFileType = sourcecode.swift; path = TaskCell.swift; sourceTree = "<group>"; };
/* End PBXFileReference section */

/* Begin PBXFrameworksBuildPhase section */
		923920FF22B8644800062E9D /* Frameworks */ = {
			isa = PBXFrameworksBuildPhase;
			buildActionMask = 2147483647;
			files = (
				9239210522B8644800062E9D /* NotificationCenter.framework in Frameworks */,
			);
			runOnlyForDeploymentPostprocessing = 0;
		};
		92F17CCD22B44E7600F29020 /* Frameworks */ = {
			isa = PBXFrameworksBuildPhase;
			buildActionMask = 2147483647;
			files = (
			);
			runOnlyForDeploymentPostprocessing = 0;
		};
/* End PBXFrameworksBuildPhase section */

/* Begin PBXGroup section */
		9239210322B8644800062E9D /* Frameworks */ = {
			isa = PBXGroup;
			children = (
				9239210422B8644800062E9D /* NotificationCenter.framework */,
			);
			name = Frameworks;
			sourceTree = "<group>";
		};
		9239210622B8644800062E9D /* TodayExtension */ = {
			isa = PBXGroup;
			children = (
				92941D3322B9D600003DE2A1 /* TodayExtension.entitlements */,
				9239210722B8644800062E9D /* TodayViewController.swift */,
				9239210922B8644800062E9D /* MainInterface.storyboard */,
				9239210C22B8644800062E9D /* Info.plist */,
				92941D3622B9DA31003DE2A1 /* PersistentContainer.swift */,
				92C45A0022BA6FC60023399D /* DataProvider.swift */,
			);
			path = TodayExtension;
			sourceTree = "<group>";
		};
		92F17CC722B44E7600F29020 = {
			isa = PBXGroup;
			children = (
				92F17CD222B44E7600F29020 /* TaskTracker */,
				9239210622B8644800062E9D /* TodayExtension */,
				9239210322B8644800062E9D /* Frameworks */,
				92F17CD122B44E7600F29020 /* Products */,
			);
			sourceTree = "<group>";
		};
		92F17CD122B44E7600F29020 /* Products */ = {
			isa = PBXGroup;
			children = (
				92F17CD022B44E7600F29020 /* TaskTracker.app */,
				9239210222B8644800062E9D /* TodayExtension.appex */,
			);
			name = Products;
			sourceTree = "<group>";
		};
		92F17CD222B44E7600F29020 /* TaskTracker */ = {
			isa = PBXGroup;
			children = (
				92941D3222B9D5CE003DE2A1 /* TaskTracker.entitlements */,
				92F17CF322B468D600F29020 /* Utilities */,
				92F17CF222B468C000F29020 /* Model */,
				92F17CF122B468B800F29020 /* Controller */,
				92F17CF022B468AA00F29020 /* View */,
				92F17CDD22B44E7A00F29020 /* Assets.xcassets */,
				92F17CD722B44E7600F29020 /* Main.storyboard */,
				92F17CDA22B44E7600F29020 /* TaskTracker.xcdatamodeld */,
			);
			path = TaskTracker;
			sourceTree = "<group>";
		};
		92F17CF022B468AA00F29020 /* View */ = {
			isa = PBXGroup;
			children = (
				92F17D0222B4811600F29020 /* TaskCell.swift */,
			);
			path = View;
			sourceTree = "<group>";
		};
		92F17CF122B468B800F29020 /* Controller */ = {
			isa = PBXGroup;
			children = (
				92F17CE822B451D200F29020 /* TaskListViewController.swift */,
				92F17CEC22B45F1900F29020 /* NewTaskViewController.swift */,
				92F17CEE22B45F2B00F29020 /* TaskDetailsViewController.swift */,
				92C459FC22BA56230023399D /* PopoverViewController.swift */,
			);
			path = Controller;
			sourceTree = "<group>";
		};
		92F17CF222B468C000F29020 /* Model */ = {
			isa = PBXGroup;
			children = (
				923920F822B8218700062E9D /* CoreDataManager.swift */,
				923920FA22B8301300062E9D /* Extensions.swift */,
				923920FC22B8620300062E9D /* Protocols.swift */,
				92C459FE22BA68A70023399D /* Status.swift */,
			);
			path = Model;
			sourceTree = "<group>";
		};
		92F17CF322B468D600F29020 /* Utilities */ = {
			isa = PBXGroup;
			children = (
				92F17CD322B44E7600F29020 /* AppDelegate.swift */,
				92F17CE222B44E7A00F29020 /* Info.plist */,
				92F17CDF22B44E7A00F29020 /* LaunchScreen.storyboard */,
			);
			path = Utilities;
			sourceTree = "<group>";
		};
/* End PBXGroup section */

/* Begin PBXNativeTarget section */
		9239210122B8644800062E9D /* TodayExtension */ = {
			isa = PBXNativeTarget;
			buildConfigurationList = 9239211022B8644800062E9D /* Build configuration list for PBXNativeTarget "TodayExtension" */;
			buildPhases = (
				923920FE22B8644800062E9D /* Sources */,
				923920FF22B8644800062E9D /* Frameworks */,
				9239210022B8644800062E9D /* Resources */,
			);
			buildRules = (
			);
			dependencies = (
			);
			name = TodayExtension;
			productName = TodayExtension;
			productReference = 9239210222B8644800062E9D /* TodayExtension.appex */;
			productType = "com.apple.product-type.app-extension";
		};
		92F17CCF22B44E7600F29020 /* TaskTracker */ = {
			isa = PBXNativeTarget;
			buildConfigurationList = 92F17CE522B44E7A00F29020 /* Build configuration list for PBXNativeTarget "TaskTracker" */;
			buildPhases = (
				92F17CCC22B44E7600F29020 /* Sources */,
				92F17CCD22B44E7600F29020 /* Frameworks */,
				92F17CCE22B44E7600F29020 /* Resources */,
				9239211322B8644800062E9D /* Embed App Extensions */,
			);
			buildRules = (
			);
			dependencies = (
				9239210E22B8644800062E9D /* PBXTargetDependency */,
			);
			name = TaskTracker;
			productName = TaskTracker;
			productReference = 92F17CD022B44E7600F29020 /* TaskTracker.app */;
			productType = "com.apple.product-type.application";
		};
/* End PBXNativeTarget section */

/* Begin PBXProject section */
		92F17CC822B44E7600F29020 /* Project object */ = {
			isa = PBXProject;
			attributes = {
				LastSwiftUpdateCheck = 1020;
				LastUpgradeCheck = 1020;
				ORGANIZATIONNAME = "Рыжков Артем";
				TargetAttributes = {
					9239210122B8644800062E9D = {
						CreatedOnToolsVersion = 10.2.1;
						SystemCapabilities = {
							com.apple.ApplicationGroups.iOS = {
								enabled = 1;
							};
						};
					};
					92F17CCF22B44E7600F29020 = {
						CreatedOnToolsVersion = 10.2.1;
						SystemCapabilities = {
							com.apple.ApplicationGroups.iOS = {
								enabled = 1;
							};
						};
					};
				};
			};
			buildConfigurationList = 92F17CCB22B44E7600F29020 /* Build configuration list for PBXProject "TaskTracker" */;
			compatibilityVersion = "Xcode 9.3";
			developmentRegion = en;
			hasScannedForEncodings = 0;
			knownRegions = (
				en,
				Base,
			);
			mainGroup = 92F17CC722B44E7600F29020;
			productRefGroup = 92F17CD122B44E7600F29020 /* Products */;
			projectDirPath = "";
			projectRoot = "";
			targets = (
				92F17CCF22B44E7600F29020 /* TaskTracker */,
				9239210122B8644800062E9D /* TodayExtension */,
			);
		};
/* End PBXProject section */

/* Begin PBXResourcesBuildPhase section */
		9239210022B8644800062E9D /* Resources */ = {
			isa = PBXResourcesBuildPhase;
			buildActionMask = 2147483647;
			files = (
				9239210B22B8644800062E9D /* MainInterface.storyboard in Resources */,
			);
			runOnlyForDeploymentPostprocessing = 0;
		};
		92F17CCE22B44E7600F29020 /* Resources */ = {
			isa = PBXResourcesBuildPhase;
			buildActionMask = 2147483647;
			files = (
				92F17CE122B44E7A00F29020 /* LaunchScreen.storyboard in Resources */,
				92F17CDE22B44E7A00F29020 /* Assets.xcassets in Resources */,
				92F17CD922B44E7600F29020 /* Main.storyboard in Resources */,
			);
			runOnlyForDeploymentPostprocessing = 0;
		};
/* End PBXResourcesBuildPhase section */

/* Begin PBXSourcesBuildPhase section */
		923920FE22B8644800062E9D /* Sources */ = {
			isa = PBXSourcesBuildPhase;
			buildActionMask = 2147483647;
			files = (
				92C45A0222BA762B0023399D /* Extensions.swift in Sources */,
				9239210822B8644800062E9D /* TodayViewController.swift in Sources */,
				92C45A0122BA6FC60023399D /* DataProvider.swift in Sources */,
				92941D3722B9DA31003DE2A1 /* PersistentContainer.swift in Sources */,
				92C45A0422BA78E00023399D /* TaskTracker.xcdatamodeld in Sources */,
			);
			runOnlyForDeploymentPostprocessing = 0;
		};
		92F17CCC22B44E7600F29020 /* Sources */ = {
			isa = PBXSourcesBuildPhase;
			buildActionMask = 2147483647;
			files = (
				92F17CEF22B45F2B00F29020 /* TaskDetailsViewController.swift in Sources */,
				923920F922B8218700062E9D /* CoreDataManager.swift in Sources */,
				92C459FD22BA56230023399D /* PopoverViewController.swift in Sources */,
				92F17CDC22B44E7600F29020 /* TaskTracker.xcdatamodeld in Sources */,
				92C459FF22BA68A70023399D /* Status.swift in Sources */,
				923920FD22B8620300062E9D /* Protocols.swift in Sources */,
				923920FB22B8301300062E9D /* Extensions.swift in Sources */,
				92F17CD422B44E7600F29020 /* AppDelegate.swift in Sources */,
				92F17CED22B45F1900F29020 /* NewTaskViewController.swift in Sources */,
				92F17D0322B4811600F29020 /* TaskCell.swift in Sources */,
				92F17CE922B451D200F29020 /* TaskListViewController.swift in Sources */,
			);
			runOnlyForDeploymentPostprocessing = 0;
		};
/* End PBXSourcesBuildPhase section */

/* Begin PBXTargetDependency section */
		9239210E22B8644800062E9D /* PBXTargetDependency */ = {
			isa = PBXTargetDependency;
			target = 9239210122B8644800062E9D /* TodayExtension */;
			targetProxy = 9239210D22B8644800062E9D /* PBXContainerItemProxy */;
		};
/* End PBXTargetDependency section */

/* Begin PBXVariantGroup section */
		9239210922B8644800062E9D /* MainInterface.storyboard */ = {
			isa = PBXVariantGroup;
			children = (
				9239210A22B8644800062E9D /* Base */,
			);
			name = MainInterface.storyboard;
			sourceTree = "<group>";
		};
		92F17CD722B44E7600F29020 /* Main.storyboard */ = {
			isa = PBXVariantGroup;
			children = (
				92F17CD822B44E7600F29020 /* Base */,
			);
			name = Main.storyboard;
			sourceTree = "<group>";
		};
		92F17CDF22B44E7A00F29020 /* LaunchScreen.storyboard */ = {
			isa = PBXVariantGroup;
			children = (
				92F17CE022B44E7A00F29020 /* Base */,
			);
			name = LaunchScreen.storyboard;
			sourceTree = "<group>";
		};
/* End PBXVariantGroup section */

/* Begin XCBuildConfiguration section */
		9239211122B8644800062E9D /* Debug */ = {
			isa = XCBuildConfiguration;
			buildSettings = {
				CODE_SIGN_ENTITLEMENTS = TodayExtension/TodayExtension.entitlements;
				CODE_SIGN_STYLE = Automatic;
				DEVELOPMENT_TEAM = 7UHA847YA4;
				INFOPLIST_FILE = TodayExtension/Info.plist;
				IPHONEOS_DEPLOYMENT_TARGET = 12.0;
				LD_RUNPATH_SEARCH_PATHS = (
					"$(inherited)",
					"@executable_path/Frameworks",
					"@executable_path/../../Frameworks",
				);
				PRODUCT_BUNDLE_IDENTIFIER = com.onl1steam.TaskTracker.TodayExtension;
				PRODUCT_NAME = "$(TARGET_NAME)";
				SKIP_INSTALL = YES;
				SWIFT_VERSION = 5.0;
				TARGETED_DEVICE_FAMILY = "1,2";
			};
			name = Debug;
		};
		9239211222B8644800062E9D /* Release */ = {
			isa = XCBuildConfiguration;
			buildSettings = {
				CODE_SIGN_ENTITLEMENTS = TodayExtension/TodayExtension.entitlements;
				CODE_SIGN_STYLE = Automatic;
				DEVELOPMENT_TEAM = 7UHA847YA4;
				INFOPLIST_FILE = TodayExtension/Info.plist;
				IPHONEOS_DEPLOYMENT_TARGET = 12.0;
				LD_RUNPATH_SEARCH_PATHS = (
					"$(inherited)",
					"@executable_path/Frameworks",
					"@executable_path/../../Frameworks",
				);
				PRODUCT_BUNDLE_IDENTIFIER = com.onl1steam.TaskTracker.TodayExtension;
				PRODUCT_NAME = "$(TARGET_NAME)";
				SKIP_INSTALL = YES;
				SWIFT_VERSION = 5.0;
				TARGETED_DEVICE_FAMILY = "1,2";
			};
			name = Release;
		};
		92F17CE322B44E7A00F29020 /* Debug */ = {
			isa = XCBuildConfiguration;
			buildSettings = {
				ALWAYS_SEARCH_USER_PATHS = NO;
				CLANG_ANALYZER_NONNULL = YES;
				CLANG_ANALYZER_NUMBER_OBJECT_CONVERSION = YES_AGGRESSIVE;
				CLANG_CXX_LANGUAGE_STANDARD = "gnu++14";
				CLANG_CXX_LIBRARY = "libc++";
				CLANG_ENABLE_MODULES = YES;
				CLANG_ENABLE_OBJC_ARC = YES;
				CLANG_ENABLE_OBJC_WEAK = YES;
				CLANG_WARN_BLOCK_CAPTURE_AUTORELEASING = YES;
				CLANG_WARN_BOOL_CONVERSION = YES;
				CLANG_WARN_COMMA = YES;
				CLANG_WARN_CONSTANT_CONVERSION = YES;
				CLANG_WARN_DEPRECATED_OBJC_IMPLEMENTATIONS = YES;
				CLANG_WARN_DIRECT_OBJC_ISA_USAGE = YES_ERROR;
				CLANG_WARN_DOCUMENTATION_COMMENTS = YES;
				CLANG_WARN_EMPTY_BODY = YES;
				CLANG_WARN_ENUM_CONVERSION = YES;
				CLANG_WARN_INFINITE_RECURSION = YES;
				CLANG_WARN_INT_CONVERSION = YES;
				CLANG_WARN_NON_LITERAL_NULL_CONVERSION = YES;
				CLANG_WARN_OBJC_IMPLICIT_RETAIN_SELF = YES;
				CLANG_WARN_OBJC_LITERAL_CONVERSION = YES;
				CLANG_WARN_OBJC_ROOT_CLASS = YES_ERROR;
				CLANG_WARN_RANGE_LOOP_ANALYSIS = YES;
				CLANG_WARN_STRICT_PROTOTYPES = YES;
				CLANG_WARN_SUSPICIOUS_MOVE = YES;
				CLANG_WARN_UNGUARDED_AVAILABILITY = YES_AGGRESSIVE;
				CLANG_WARN_UNREACHABLE_CODE = YES;
				CLANG_WARN__DUPLICATE_METHOD_MATCH = YES;
				CODE_SIGN_IDENTITY = "iPhone Developer";
				COPY_PHASE_STRIP = NO;
				DEBUG_INFORMATION_FORMAT = dwarf;
				ENABLE_STRICT_OBJC_MSGSEND = YES;
				ENABLE_TESTABILITY = YES;
				GCC_C_LANGUAGE_STANDARD = gnu11;
				GCC_DYNAMIC_NO_PIC = NO;
				GCC_NO_COMMON_BLOCKS = YES;
				GCC_OPTIMIZATION_LEVEL = 0;
				GCC_PREPROCESSOR_DEFINITIONS = (
					"DEBUG=1",
					"$(inherited)",
				);
				GCC_WARN_64_TO_32_BIT_CONVERSION = YES;
				GCC_WARN_ABOUT_RETURN_TYPE = YES_ERROR;
				GCC_WARN_UNDECLARED_SELECTOR = YES;
				GCC_WARN_UNINITIALIZED_AUTOS = YES_AGGRESSIVE;
				GCC_WARN_UNUSED_FUNCTION = YES;
				GCC_WARN_UNUSED_VARIABLE = YES;
				IPHONEOS_DEPLOYMENT_TARGET = 12.2;
				MTL_ENABLE_DEBUG_INFO = INCLUDE_SOURCE;
				MTL_FAST_MATH = YES;
				ONLY_ACTIVE_ARCH = YES;
				SDKROOT = iphoneos;
				SWIFT_ACTIVE_COMPILATION_CONDITIONS = DEBUG;
				SWIFT_OPTIMIZATION_LEVEL = "-Onone";
			};
			name = Debug;
		};
		92F17CE422B44E7A00F29020 /* Release */ = {
			isa = XCBuildConfiguration;
			buildSettings = {
				ALWAYS_SEARCH_USER_PATHS = NO;
				CLANG_ANALYZER_NONNULL = YES;
				CLANG_ANALYZER_NUMBER_OBJECT_CONVERSION = YES_AGGRESSIVE;
				CLANG_CXX_LANGUAGE_STANDARD = "gnu++14";
				CLANG_CXX_LIBRARY = "libc++";
				CLANG_ENABLE_MODULES = YES;
				CLANG_ENABLE_OBJC_ARC = YES;
				CLANG_ENABLE_OBJC_WEAK = YES;
				CLANG_WARN_BLOCK_CAPTURE_AUTORELEASING = YES;
				CLANG_WARN_BOOL_CONVERSION = YES;
				CLANG_WARN_COMMA = YES;
				CLANG_WARN_CONSTANT_CONVERSION = YES;
				CLANG_WARN_DEPRECATED_OBJC_IMPLEMENTATIONS = YES;
				CLANG_WARN_DIRECT_OBJC_ISA_USAGE = YES_ERROR;
				CLANG_WARN_DOCUMENTATION_COMMENTS = YES;
				CLANG_WARN_EMPTY_BODY = YES;
				CLANG_WARN_ENUM_CONVERSION = YES;
				CLANG_WARN_INFINITE_RECURSION = YES;
				CLANG_WARN_INT_CONVERSION = YES;
				CLANG_WARN_NON_LITERAL_NULL_CONVERSION = YES;
				CLANG_WARN_OBJC_IMPLICIT_RETAIN_SELF = YES;
				CLANG_WARN_OBJC_LITERAL_CONVERSION = YES;
				CLANG_WARN_OBJC_ROOT_CLASS = YES_ERROR;
				CLANG_WARN_RANGE_LOOP_ANALYSIS = YES;
				CLANG_WARN_STRICT_PROTOTYPES = YES;
				CLANG_WARN_SUSPICIOUS_MOVE = YES;
				CLANG_WARN_UNGUARDED_AVAILABILITY = YES_AGGRESSIVE;
				CLANG_WARN_UNREACHABLE_CODE = YES;
				CLANG_WARN__DUPLICATE_METHOD_MATCH = YES;
				CODE_SIGN_IDENTITY = "iPhone Developer";
				COPY_PHASE_STRIP = NO;
				DEBUG_INFORMATION_FORMAT = "dwarf-with-dsym";
				ENABLE_NS_ASSERTIONS = NO;
				ENABLE_STRICT_OBJC_MSGSEND = YES;
				GCC_C_LANGUAGE_STANDARD = gnu11;
				GCC_NO_COMMON_BLOCKS = YES;
				GCC_WARN_64_TO_32_BIT_CONVERSION = YES;
				GCC_WARN_ABOUT_RETURN_TYPE = YES_ERROR;
				GCC_WARN_UNDECLARED_SELECTOR = YES;
				GCC_WARN_UNINITIALIZED_AUTOS = YES_AGGRESSIVE;
				GCC_WARN_UNUSED_FUNCTION = YES;
				GCC_WARN_UNUSED_VARIABLE = YES;
				IPHONEOS_DEPLOYMENT_TARGET = 12.2;
				MTL_ENABLE_DEBUG_INFO = NO;
				MTL_FAST_MATH = YES;
				SDKROOT = iphoneos;
				SWIFT_COMPILATION_MODE = wholemodule;
				SWIFT_OPTIMIZATION_LEVEL = "-O";
				VALIDATE_PRODUCT = YES;
			};
			name = Release;
		};
		92F17CE622B44E7A00F29020 /* Debug */ = {
			isa = XCBuildConfiguration;
			buildSettings = {
				ALWAYS_EMBED_SWIFT_STANDARD_LIBRARIES = YES;
				ASSETCATALOG_COMPILER_APPICON_NAME = AppIcon;
				CODE_SIGN_ENTITLEMENTS = TaskTracker/TaskTracker.entitlements;
				CODE_SIGN_STYLE = Automatic;
				DEVELOPMENT_TEAM = 7UHA847YA4;
				INFOPLIST_FILE = "$(SRCROOT)/TaskTracker/Utilities/Info.plist";
				IPHONEOS_DEPLOYMENT_TARGET = 12.0;
				LD_RUNPATH_SEARCH_PATHS = (
					"$(inherited)",
					"@executable_path/Frameworks",
				);
				PRODUCT_BUNDLE_IDENTIFIER = com.onl1steam.TaskTracker;
				PRODUCT_NAME = "$(TARGET_NAME)";
				SWIFT_VERSION = 5.0;
				TARGETED_DEVICE_FAMILY = "1,2";
			};
			name = Debug;
		};
		92F17CE722B44E7A00F29020 /* Release */ = {
			isa = XCBuildConfiguration;
			buildSettings = {
				ALWAYS_EMBED_SWIFT_STANDARD_LIBRARIES = YES;
				ASSETCATALOG_COMPILER_APPICON_NAME = AppIcon;
				CODE_SIGN_ENTITLEMENTS = TaskTracker/TaskTracker.entitlements;
				CODE_SIGN_STYLE = Automatic;
				DEVELOPMENT_TEAM = 7UHA847YA4;
				INFOPLIST_FILE = "$(SRCROOT)/TaskTracker/Utilities/Info.plist";
				IPHONEOS_DEPLOYMENT_TARGET = 12.0;
				LD_RUNPATH_SEARCH_PATHS = (
					"$(inherited)",
					"@executable_path/Frameworks",
				);
				PRODUCT_BUNDLE_IDENTIFIER = com.onl1steam.TaskTracker;
				PRODUCT_NAME = "$(TARGET_NAME)";
				SWIFT_VERSION = 5.0;
				TARGETED_DEVICE_FAMILY = "1,2";
			};
			name = Release;
		};
/* End XCBuildConfiguration section */

/* Begin XCConfigurationList section */
		9239211022B8644800062E9D /* Build configuration list for PBXNativeTarget "TodayExtension" */ = {
			isa = XCConfigurationList;
			buildConfigurations = (
				9239211122B8644800062E9D /* Debug */,
				9239211222B8644800062E9D /* Release */,
			);
			defaultConfigurationIsVisible = 0;
			defaultConfigurationName = Release;
		};
		92F17CCB22B44E7600F29020 /* Build configuration list for PBXProject "TaskTracker" */ = {
			isa = XCConfigurationList;
			buildConfigurations = (
				92F17CE322B44E7A00F29020 /* Debug */,
				92F17CE422B44E7A00F29020 /* Release */,
			);
			defaultConfigurationIsVisible = 0;
			defaultConfigurationName = Release;
		};
		92F17CE522B44E7A00F29020 /* Build configuration list for PBXNativeTarget "TaskTracker" */ = {
			isa = XCConfigurationList;
			buildConfigurations = (
				92F17CE622B44E7A00F29020 /* Debug */,
				92F17CE722B44E7A00F29020 /* Release */,
			);
			defaultConfigurationIsVisible = 0;
			defaultConfigurationName = Release;
		};
/* End XCConfigurationList section */

/* Begin XCVersionGroup section */
		92F17CDA22B44E7600F29020 /* TaskTracker.xcdatamodeld */ = {
			isa = XCVersionGroup;
			children = (
				92F17CDB22B44E7600F29020 /* TaskTracker.xcdatamodel */,
			);
			currentVersion = 92F17CDB22B44E7600F29020 /* TaskTracker.xcdatamodel */;
			path = TaskTracker.xcdatamodeld;
			sourceTree = "<group>";
			versionGroupType = wrapper.xcdatamodel;
		};
/* End XCVersionGroup section */
	};
	rootObject = 92F17CC822B44E7600F29020 /* Project object */;
}
